
Microsoft Visual Studio Solution File, Format Version 12.00
# Visual Studio Version 17
VisualStudioVersion = 17.1.32328.378
MinimumVisualStudioVersion = 10.0.40219.1
Project("{FAE04EC0-301F-11D3-BF4B-00C04F79EFBC}") = "pry.LopezValentin.SP1", "pry.LopezValentin.SP1.csproj", "{FA58F96B-A6CB-4E93-87F7-50D963CCEA36}"
EndProject
Global
	GlobalSection(SolutionConfigurationPlatforms) = preSolution
		Debug|Any CPU = Debug|Any CPU
		Release|Any CPU = Release|Any CPU
	EndGlobalSection
	GlobalSection(ProjectConfigurationPlatforms) = postSolution
		{FA58F96B-A6CB-4E93-87F7-50D963CCEA36}.Debug|Any CPU.ActiveCfg = Debug|Any CPU
		{FA58F96B-A6CB-4E93-87F7-50D963CCEA36}.Debug|Any CPU.Build.0 = Debug|Any CPU
		{FA58F96B-A6CB-4E93-87F7-50D963CCEA36}.Release|Any CPU.ActiveCfg = Release|Any CPU
		{FA58F96B-A6CB-4E93-87F7-50D963CCEA36}.Release|Any CPU.Build.0 = Release|Any CPU
	EndGlobalSection
	GlobalSection(SolutionProperties) = preSolution
		HideSolutionNode = FALSE
	EndGlobalSection
	GlobalSection(ExtensibilityGlobals) = postSolution
		SolutionGuid = {502E8851-5FAE-4C1C-9424-A722D0A2916D}
	EndGlobalSection
EndGlobal
